
Microsoft Visual Studio Solution File, Format Version 12.00
# Visual Studio Version 17
VisualStudioVersion = 17.0.32002.185
MinimumVisualStudioVersion = 10.0.40219.1
Project("{9A19103F-16F7-4668-BE54-9A1E7A4F7556}") = "RQ.RevtDotNet.Test", "RQ.RevtDotNet.Test.csproj", "{824ECA30-89C7-488C-B059-02C8514A6AE4}"
EndProject
Global
	GlobalSection(SolutionConfigurationPlatforms) = preSolution
		Debug|Any CPU = Debug|Any CPU
		Release|Any CPU = Release|Any CPU
	EndGlobalSection
	GlobalSection(ProjectConfigurationPlatforms) = postSolution
		{824ECA30-89C7-488C-B059-02C8514A6AE4}.Debug|Any CPU.ActiveCfg = Debug|Any CPU
		{824ECA30-89C7-488C-B059-02C8514A6AE4}.Debug|Any CPU.Build.0 = Debug|Any CPU
		{824ECA30-89C7-488C-B059-02C8514A6AE4}.Release|Any CPU.ActiveCfg = Release|Any CPU
		{824ECA30-89C7-488C-B059-02C8514A6AE4}.Release|Any CPU.Build.0 = Release|Any CPU
	EndGlobalSection
	GlobalSection(SolutionProperties) = preSolution
		HideSolutionNode = FALSE
	EndGlobalSection
	GlobalSection(ExtensibilityGlobals) = postSolution
		SolutionGuid = {6599C8BC-6E98-492B-A15F-FA1E101262A8}
	EndGlobalSection
EndGlobal
