
Microsoft Visual Studio Solution File, Format Version 12.00
# Visual Studio Version 17
VisualStudioVersion = 17.2.32616.157
MinimumVisualStudioVersion = 10.0.40219.1
Project("{9A19103F-16F7-4668-BE54-9A1E7A4F7556}") = "ZRQ.RevitAPI", "ZRQ.RevitAPI\ZRQ.RevitAPI.csproj", "{FD9DF951-B01D-429C-A8B4-B5120D46FDAB}"
EndProject
Project("{9A19103F-16F7-4668-BE54-9A1E7A4F7556}") = "ZRQ.RevitUtils", "ZRQ.RevitUtils\ZRQ.RevitUtils.csproj", "{DF2724E3-4014-4437-8B1E-ED1EB6C6112A}"
EndProject
Project("{2150E333-8FDC-42A3-9474-1A3956D46DE8}") = "ZRQ.RevitTest", "ZRQ.RevitTest", "{2419802B-DE65-47DA-B4D2-23EDBFC8D744}"
EndProject
Project("{9A19103F-16F7-4668-BE54-9A1E7A4F7556}") = "ZRQ.RevitAPI.Test", "ZRQ.RevitTest\ZRQ.RevitAPI.Test\ZRQ.RevitAPI.Test.csproj", "{B26E75F0-D3A4-4C7D-B745-74D86E0EEBB6}"
EndProject
Global
	GlobalSection(SolutionConfigurationPlatforms) = preSolution
		Debug|Any CPU = Debug|Any CPU
		Debug|x64 = Debug|x64
		Debug2016|Any CPU = Debug2016|Any CPU
		Debug2016|x64 = Debug2016|x64
		Debug2018|Any CPU = Debug2018|Any CPU
		Debug2018|x64 = Debug2018|x64
		Debug2020|Any CPU = Debug2020|Any CPU
		Debug2020|x64 = Debug2020|x64
		Debug2022|Any CPU = Debug2022|Any CPU
		Debug2022|x64 = Debug2022|x64
		Release|Any CPU = Release|Any CPU
		Release|x64 = Release|x64
	EndGlobalSection
	GlobalSection(ProjectConfigurationPlatforms) = postSolution
		{FD9DF951-B01D-429C-A8B4-B5120D46FDAB}.Debug|Any CPU.ActiveCfg = Debug|Any CPU
		{FD9DF951-B01D-429C-A8B4-B5120D46FDAB}.Debug|Any CPU.Build.0 = Debug|Any CPU
		{FD9DF951-B01D-429C-A8B4-B5120D46FDAB}.Debug|x64.ActiveCfg = Debug|Any CPU
		{FD9DF951-B01D-429C-A8B4-B5120D46FDAB}.Debug|x64.Build.0 = Debug|Any CPU
		{FD9DF951-B01D-429C-A8B4-B5120D46FDAB}.Debug2016|Any CPU.ActiveCfg = Debug|Any CPU
		{FD9DF951-B01D-429C-A8B4-B5120D46FDAB}.Debug2016|Any CPU.Build.0 = Debug|Any CPU
		{FD9DF951-B01D-429C-A8B4-B5120D46FDAB}.Debug2016|x64.ActiveCfg = Debug|Any CPU
		{FD9DF951-B01D-429C-A8B4-B5120D46FDAB}.Debug2016|x64.Build.0 = Debug|Any CPU
		{FD9DF951-B01D-429C-A8B4-B5120D46FDAB}.Debug2018|Any CPU.ActiveCfg = Debug|Any CPU
		{FD9DF951-B01D-429C-A8B4-B5120D46FDAB}.Debug2018|Any CPU.Build.0 = Debug|Any CPU
		{FD9DF951-B01D-429C-A8B4-B5120D46FDAB}.Debug2018|x64.ActiveCfg = Debug|Any CPU
		{FD9DF951-B01D-429C-A8B4-B5120D46FDAB}.Debug2018|x64.Build.0 = Debug|Any CPU
		{FD9DF951-B01D-429C-A8B4-B5120D46FDAB}.Debug2020|Any CPU.ActiveCfg = Debug|Any CPU
		{FD9DF951-B01D-429C-A8B4-B5120D46FDAB}.Debug2020|Any CPU.Build.0 = Debug|Any CPU
		{FD9DF951-B01D-429C-A8B4-B5120D46FDAB}.Debug2020|x64.ActiveCfg = Debug|Any CPU
		{FD9DF951-B01D-429C-A8B4-B5120D46FDAB}.Debug2020|x64.Build.0 = Debug|Any CPU
		{FD9DF951-B01D-429C-A8B4-B5120D46FDAB}.Debug2022|Any CPU.ActiveCfg = Debug|Any CPU
		{FD9DF951-B01D-429C-A8B4-B5120D46FDAB}.Debug2022|Any CPU.Build.0 = Debug|Any CPU
		{FD9DF951-B01D-429C-A8B4-B5120D46FDAB}.Debug2022|x64.ActiveCfg = Debug|Any CPU
		{FD9DF951-B01D-429C-A8B4-B5120D46FDAB}.Debug2022|x64.Build.0 = Debug|Any CPU
		{FD9DF951-B01D-429C-A8B4-B5120D46FDAB}.Release|Any CPU.ActiveCfg = Release|Any CPU
		{FD9DF951-B01D-429C-A8B4-B5120D46FDAB}.Release|Any CPU.Build.0 = Release|Any CPU
		{FD9DF951-B01D-429C-A8B4-B5120D46FDAB}.Release|x64.ActiveCfg = Release|Any CPU
		{FD9DF951-B01D-429C-A8B4-B5120D46FDAB}.Release|x64.Build.0 = Release|Any CPU
		{DF2724E3-4014-4437-8B1E-ED1EB6C6112A}.Debug|Any CPU.ActiveCfg = Debug|Any CPU
		{DF2724E3-4014-4437-8B1E-ED1EB6C6112A}.Debug|Any CPU.Build.0 = Debug|Any CPU
		{DF2724E3-4014-4437-8B1E-ED1EB6C6112A}.Debug|x64.ActiveCfg = Debug|Any CPU
		{DF2724E3-4014-4437-8B1E-ED1EB6C6112A}.Debug|x64.Build.0 = Debug|Any CPU
		{DF2724E3-4014-4437-8B1E-ED1EB6C6112A}.Debug2016|Any CPU.ActiveCfg = Debug2016|Any CPU
		{DF2724E3-4014-4437-8B1E-ED1EB6C6112A}.Debug2016|Any CPU.Build.0 = Debug2016|Any CPU
		{DF2724E3-4014-4437-8B1E-ED1EB6C6112A}.Debug2016|x64.ActiveCfg = Debug2016|Any CPU
		{DF2724E3-4014-4437-8B1E-ED1EB6C6112A}.Debug2016|x64.Build.0 = Debug2016|Any CPU
		{DF2724E3-4014-4437-8B1E-ED1EB6C6112A}.Debug2018|Any CPU.ActiveCfg = Debug2016|Any CPU
		{DF2724E3-4014-4437-8B1E-ED1EB6C6112A}.Debug2018|Any CPU.Build.0 = Debug2016|Any CPU
		{DF2724E3-4014-4437-8B1E-ED1EB6C6112A}.Debug2018|x64.ActiveCfg = Debug2018|Any CPU
		{DF2724E3-4014-4437-8B1E-ED1EB6C6112A}.Debug2018|x64.Build.0 = Debug2018|Any CPU
		{DF2724E3-4014-4437-8B1E-ED1EB6C6112A}.Debug2020|Any CPU.ActiveCfg = Debug2020|Any CPU
		{DF2724E3-4014-4437-8B1E-ED1EB6C6112A}.Debug2020|Any CPU.Build.0 = Debug2020|Any CPU
		{DF2724E3-4014-4437-8B1E-ED1EB6C6112A}.Debug2020|x64.ActiveCfg = Debug2020|Any CPU
		{DF2724E3-4014-4437-8B1E-ED1EB6C6112A}.Debug2020|x64.Build.0 = Debug2020|Any CPU
		{DF2724E3-4014-4437-8B1E-ED1EB6C6112A}.Debug2022|Any CPU.ActiveCfg = Debug2016|Any CPU
		{DF2724E3-4014-4437-8B1E-ED1EB6C6112A}.Debug2022|Any CPU.Build.0 = Debug2016|Any CPU
		{DF2724E3-4014-4437-8B1E-ED1EB6C6112A}.Debug2022|x64.ActiveCfg = Debug2022|Any CPU
		{DF2724E3-4014-4437-8B1E-ED1EB6C6112A}.Debug2022|x64.Build.0 = Debug2022|Any CPU
		{DF2724E3-4014-4437-8B1E-ED1EB6C6112A}.Release|Any CPU.ActiveCfg = Release|Any CPU
		{DF2724E3-4014-4437-8B1E-ED1EB6C6112A}.Release|Any CPU.Build.0 = Release|Any CPU
		{DF2724E3-4014-4437-8B1E-ED1EB6C6112A}.Release|x64.ActiveCfg = Release|Any CPU
		{DF2724E3-4014-4437-8B1E-ED1EB6C6112A}.Release|x64.Build.0 = Release|Any CPU
		{B26E75F0-D3A4-4C7D-B745-74D86E0EEBB6}.Debug|Any CPU.ActiveCfg = Debug|Any CPU
		{B26E75F0-D3A4-4C7D-B745-74D86E0EEBB6}.Debug|Any CPU.Build.0 = Debug|Any CPU
		{B26E75F0-D3A4-4C7D-B745-74D86E0EEBB6}.Debug|x64.ActiveCfg = Debug|x64
		{B26E75F0-D3A4-4C7D-B745-74D86E0EEBB6}.Debug|x64.Build.0 = Debug|x64
		{B26E75F0-D3A4-4C7D-B745-74D86E0EEBB6}.Debug2016|Any CPU.ActiveCfg = Debug|Any CPU
		{B26E75F0-D3A4-4C7D-B745-74D86E0EEBB6}.Debug2016|Any CPU.Build.0 = Debug|Any CPU
		{B26E75F0-D3A4-4C7D-B745-74D86E0EEBB6}.Debug2016|x64.ActiveCfg = Debug2016|x64
		{B26E75F0-D3A4-4C7D-B745-74D86E0EEBB6}.Debug2016|x64.Build.0 = Debug2016|x64
		{B26E75F0-D3A4-4C7D-B745-74D86E0EEBB6}.Debug2018|Any CPU.ActiveCfg = D2018|Any CPU
		{B26E75F0-D3A4-4C7D-B745-74D86E0EEBB6}.Debug2018|Any CPU.Build.0 = D2018|Any CPU
		{B26E75F0-D3A4-4C7D-B745-74D86E0EEBB6}.Debug2018|x64.ActiveCfg = Debug2018|x64
		{B26E75F0-D3A4-4C7D-B745-74D86E0EEBB6}.Debug2018|x64.Build.0 = Debug2018|x64
		{B26E75F0-D3A4-4C7D-B745-74D86E0EEBB6}.Debug2020|Any CPU.ActiveCfg = Debug2020|Any CPU
		{B26E75F0-D3A4-4C7D-B745-74D86E0EEBB6}.Debug2020|Any CPU.Build.0 = Debug2020|Any CPU
		{B26E75F0-D3A4-4C7D-B745-74D86E0EEBB6}.Debug2020|x64.ActiveCfg = Debug2020|x64
		{B26E75F0-D3A4-4C7D-B745-74D86E0EEBB6}.Debug2020|x64.Build.0 = Debug2020|x64
		{B26E75F0-D3A4-4C7D-B745-74D86E0EEBB6}.Debug2022|Any CPU.ActiveCfg = D2022|Any CPU
		{B26E75F0-D3A4-4C7D-B745-74D86E0EEBB6}.Debug2022|Any CPU.Build.0 = D2022|Any CPU
		{B26E75F0-D3A4-4C7D-B745-74D86E0EEBB6}.Debug2022|x64.ActiveCfg = Debug2022|x64
		{B26E75F0-D3A4-4C7D-B745-74D86E0EEBB6}.Debug2022|x64.Build.0 = Debug2022|x64
		{B26E75F0-D3A4-4C7D-B745-74D86E0EEBB6}.Release|Any CPU.ActiveCfg = Release|Any CPU
		{B26E75F0-D3A4-4C7D-B745-74D86E0EEBB6}.Release|Any CPU.Build.0 = Release|Any CPU
		{B26E75F0-D3A4-4C7D-B745-74D86E0EEBB6}.Release|x64.ActiveCfg = Release|x64
		{B26E75F0-D3A4-4C7D-B745-74D86E0EEBB6}.Release|x64.Build.0 = Release|x64
	EndGlobalSection
	GlobalSection(SolutionProperties) = preSolution
		HideSolutionNode = FALSE
	EndGlobalSection
	GlobalSection(NestedProjects) = preSolution
		{B26E75F0-D3A4-4C7D-B745-74D86E0EEBB6} = {2419802B-DE65-47DA-B4D2-23EDBFC8D744}
	EndGlobalSection
	GlobalSection(ExtensibilityGlobals) = postSolution
		SolutionGuid = {5860F10E-4976-4FA4-A8CF-131D41908B3D}
	EndGlobalSection
EndGlobal
