
Microsoft Visual Studio Solution File, Format Version 12.00
# Visual Studio Version 17
VisualStudioVersion = 17.0.32002.185
MinimumVisualStudioVersion = 10.0.40219.1
Project("{9A19103F-16F7-4668-BE54-9A1E7A4F7556}") = "RQ.Test.RevtDotNet", "TestRevtDotNet\RQ.Test.RevtDotNet.csproj", "{F0284835-AF82-4EDB-8711-C63444F5769C}"
	ProjectSection(ProjectDependencies) = postProject
		{8ED94579-2F0D-4B90-9B86-B148FF21E08B} = {8ED94579-2F0D-4B90-9B86-B148FF21E08B}
	EndProjectSection
EndProject
Project("{9A19103F-16F7-4668-BE54-9A1E7A4F7556}") = "RQ.RevitUtils", "RevitTool\RQ.RevitUtils.csproj", "{8ED94579-2F0D-4B90-9B86-B148FF21E08B}"
EndProject
Project("{FAE04EC0-301F-11D3-BF4B-00C04F79EFBC}") = "RQ.ConsoleApp", "ConsoleApp\RQ.ConsoleApp.csproj", "{1A5B3945-3CB5-4BD2-89B0-38FC22D5E292}"
EndProject
Global
	GlobalSection(SolutionConfigurationPlatforms) = preSolution
		Debug|Any CPU = Debug|Any CPU
		Debug|x64 = Debug|x64
		Release|Any CPU = Release|Any CPU
		Release|x64 = Release|x64
	EndGlobalSection
	GlobalSection(ProjectConfigurationPlatforms) = postSolution
		{F0284835-AF82-4EDB-8711-C63444F5769C}.Debug|Any CPU.ActiveCfg = Debug|Any CPU
		{F0284835-AF82-4EDB-8711-C63444F5769C}.Debug|Any CPU.Build.0 = Debug|Any CPU
		{F0284835-AF82-4EDB-8711-C63444F5769C}.Debug|x64.ActiveCfg = Debug|x64
		{F0284835-AF82-4EDB-8711-C63444F5769C}.Debug|x64.Build.0 = Debug|x64
		{F0284835-AF82-4EDB-8711-C63444F5769C}.Release|Any CPU.ActiveCfg = Release|Any CPU
		{F0284835-AF82-4EDB-8711-C63444F5769C}.Release|Any CPU.Build.0 = Release|Any CPU
		{F0284835-AF82-4EDB-8711-C63444F5769C}.Release|x64.ActiveCfg = Release|x64
		{F0284835-AF82-4EDB-8711-C63444F5769C}.Release|x64.Build.0 = Release|x64
		{8ED94579-2F0D-4B90-9B86-B148FF21E08B}.Debug|Any CPU.ActiveCfg = Debug|Any CPU
		{8ED94579-2F0D-4B90-9B86-B148FF21E08B}.Debug|Any CPU.Build.0 = Debug|Any CPU
		{8ED94579-2F0D-4B90-9B86-B148FF21E08B}.Debug|x64.ActiveCfg = Debug|Any CPU
		{8ED94579-2F0D-4B90-9B86-B148FF21E08B}.Debug|x64.Build.0 = Debug|Any CPU
		{8ED94579-2F0D-4B90-9B86-B148FF21E08B}.Release|Any CPU.ActiveCfg = Release|Any CPU
		{8ED94579-2F0D-4B90-9B86-B148FF21E08B}.Release|Any CPU.Build.0 = Release|Any CPU
		{8ED94579-2F0D-4B90-9B86-B148FF21E08B}.Release|x64.ActiveCfg = Release|Any CPU
		{8ED94579-2F0D-4B90-9B86-B148FF21E08B}.Release|x64.Build.0 = Release|Any CPU
		{1A5B3945-3CB5-4BD2-89B0-38FC22D5E292}.Debug|Any CPU.ActiveCfg = Debug|Any CPU
		{1A5B3945-3CB5-4BD2-89B0-38FC22D5E292}.Debug|Any CPU.Build.0 = Debug|Any CPU
		{1A5B3945-3CB5-4BD2-89B0-38FC22D5E292}.Debug|x64.ActiveCfg = Debug|Any CPU
		{1A5B3945-3CB5-4BD2-89B0-38FC22D5E292}.Debug|x64.Build.0 = Debug|Any CPU
		{1A5B3945-3CB5-4BD2-89B0-38FC22D5E292}.Release|Any CPU.ActiveCfg = Release|Any CPU
		{1A5B3945-3CB5-4BD2-89B0-38FC22D5E292}.Release|Any CPU.Build.0 = Release|Any CPU
		{1A5B3945-3CB5-4BD2-89B0-38FC22D5E292}.Release|x64.ActiveCfg = Release|Any CPU
		{1A5B3945-3CB5-4BD2-89B0-38FC22D5E292}.Release|x64.Build.0 = Release|Any CPU
	EndGlobalSection
	GlobalSection(SolutionProperties) = preSolution
		HideSolutionNode = FALSE
	EndGlobalSection
	GlobalSection(ExtensibilityGlobals) = postSolution
		SolutionGuid = {6599C8BC-6E98-492B-A15F-FA1E101262A8}
	EndGlobalSection
EndGlobal
